
Microsoft Visual Studio Solution File, Format Version 12.00
# Visual Studio Version 17
VisualStudioVersion = 17.4.33403.182
MinimumVisualStudioVersion = 10.0.40219.1
Project("{FAE04EC0-301F-11D3-BF4B-00C04F79EFBC}") = "CalorieTrackerApp", "CalorieTrackerApp.csproj", "{39F97AE3-55B2-4DAB-8DA4-30ED364C2165}"
EndProject
Project("{9A19103F-16F7-4668-BE54-9A1E7A4F7556}") = "CalorieTrackerApp.Tests", "..\CalorieTrackerApp.Tests\CalorieTrackerApp.Tests.csproj", "{8020130D-7A93-47B2-9744-84A3747814B9}"
EndProject
Global
	GlobalSection(SolutionConfigurationPlatforms) = preSolution
		Debug|Any CPU = Debug|Any CPU
		Release|Any CPU = Release|Any CPU
	EndGlobalSection
	GlobalSection(ProjectConfigurationPlatforms) = postSolution
		{39F97AE3-55B2-4DAB-8DA4-30ED364C2165}.Debug|Any CPU.ActiveCfg = Debug|Any CPU
		{39F97AE3-55B2-4DAB-8DA4-30ED364C2165}.Debug|Any CPU.Build.0 = Debug|Any CPU
		{39F97AE3-55B2-4DAB-8DA4-30ED364C2165}.Release|Any CPU.ActiveCfg = Release|Any CPU
		{39F97AE3-55B2-4DAB-8DA4-30ED364C2165}.Release|Any CPU.Build.0 = Release|Any CPU
		{8020130D-7A93-47B2-9744-84A3747814B9}.Debug|Any CPU.ActiveCfg = Debug|Any CPU
		{8020130D-7A93-47B2-9744-84A3747814B9}.Debug|Any CPU.Build.0 = Debug|Any CPU
		{8020130D-7A93-47B2-9744-84A3747814B9}.Release|Any CPU.ActiveCfg = Release|Any CPU
		{8020130D-7A93-47B2-9744-84A3747814B9}.Release|Any CPU.Build.0 = Release|Any CPU
	EndGlobalSection
	GlobalSection(SolutionProperties) = preSolution
		HideSolutionNode = FALSE
	EndGlobalSection
	GlobalSection(ExtensibilityGlobals) = postSolution
		SolutionGuid = {8B1E8A55-3B96-45F4-A953-62C2C90D9BDE}
	EndGlobalSection
EndGlobal
